
Microsoft Visual Studio Solution File, Format Version 12.00
# Visual Studio 15
VisualStudioVersion = 15.0.26124.0
MinimumVisualStudioVersion = 15.0.26124.0
Project("{FAE04EC0-301F-11D3-BF4B-00C04F79EFBC}") = "InformationTheory", "src\InformationTheory.csproj", "{F3F6DB56-FB9D-48C6-B0F7-DFD2EF4571E1}"
EndProject
Project("{FAE04EC0-301F-11D3-BF4B-00C04F79EFBC}") = "test", "test\test.csproj", "{281F8581-5681-4207-A90C-102F8500DED8}"
EndProject
Global
	GlobalSection(SolutionConfigurationPlatforms) = preSolution
		Debug|Any CPU = Debug|Any CPU
		Debug|x64 = Debug|x64
		Debug|x86 = Debug|x86
		Release|Any CPU = Release|Any CPU
		Release|x64 = Release|x64
		Release|x86 = Release|x86
	EndGlobalSection
	GlobalSection(SolutionProperties) = preSolution
		HideSolutionNode = FALSE
	EndGlobalSection
	GlobalSection(ProjectConfigurationPlatforms) = postSolution
		{F3F6DB56-FB9D-48C6-B0F7-DFD2EF4571E1}.Debug|Any CPU.ActiveCfg = Debug|Any CPU
		{F3F6DB56-FB9D-48C6-B0F7-DFD2EF4571E1}.Debug|Any CPU.Build.0 = Debug|Any CPU
		{F3F6DB56-FB9D-48C6-B0F7-DFD2EF4571E1}.Debug|x64.ActiveCfg = Debug|Any CPU
		{F3F6DB56-FB9D-48C6-B0F7-DFD2EF4571E1}.Debug|x64.Build.0 = Debug|Any CPU
		{F3F6DB56-FB9D-48C6-B0F7-DFD2EF4571E1}.Debug|x86.ActiveCfg = Debug|Any CPU
		{F3F6DB56-FB9D-48C6-B0F7-DFD2EF4571E1}.Debug|x86.Build.0 = Debug|Any CPU
		{F3F6DB56-FB9D-48C6-B0F7-DFD2EF4571E1}.Release|Any CPU.ActiveCfg = Release|Any CPU
		{F3F6DB56-FB9D-48C6-B0F7-DFD2EF4571E1}.Release|Any CPU.Build.0 = Release|Any CPU
		{F3F6DB56-FB9D-48C6-B0F7-DFD2EF4571E1}.Release|x64.ActiveCfg = Release|Any CPU
		{F3F6DB56-FB9D-48C6-B0F7-DFD2EF4571E1}.Release|x64.Build.0 = Release|Any CPU
		{F3F6DB56-FB9D-48C6-B0F7-DFD2EF4571E1}.Release|x86.ActiveCfg = Release|Any CPU
		{F3F6DB56-FB9D-48C6-B0F7-DFD2EF4571E1}.Release|x86.Build.0 = Release|Any CPU
		{281F8581-5681-4207-A90C-102F8500DED8}.Debug|Any CPU.ActiveCfg = Debug|Any CPU
		{281F8581-5681-4207-A90C-102F8500DED8}.Debug|Any CPU.Build.0 = Debug|Any CPU
		{281F8581-5681-4207-A90C-102F8500DED8}.Debug|x64.ActiveCfg = Debug|Any CPU
		{281F8581-5681-4207-A90C-102F8500DED8}.Debug|x64.Build.0 = Debug|Any CPU
		{281F8581-5681-4207-A90C-102F8500DED8}.Debug|x86.ActiveCfg = Debug|Any CPU
		{281F8581-5681-4207-A90C-102F8500DED8}.Debug|x86.Build.0 = Debug|Any CPU
		{281F8581-5681-4207-A90C-102F8500DED8}.Release|Any CPU.ActiveCfg = Release|Any CPU
		{281F8581-5681-4207-A90C-102F8500DED8}.Release|Any CPU.Build.0 = Release|Any CPU
		{281F8581-5681-4207-A90C-102F8500DED8}.Release|x64.ActiveCfg = Release|Any CPU
		{281F8581-5681-4207-A90C-102F8500DED8}.Release|x64.Build.0 = Release|Any CPU
		{281F8581-5681-4207-A90C-102F8500DED8}.Release|x86.ActiveCfg = Release|Any CPU
		{281F8581-5681-4207-A90C-102F8500DED8}.Release|x86.Build.0 = Release|Any CPU
	EndGlobalSection
EndGlobal
